{
  "name": "AoiCrypto",
  "lockfileVersion": 3,
  "requires": true,
  "packages": {
    "": {
      "dependencies": {
        "react-native-bouncy-checkbox": "^4.1.2"
      }
    },
    "node_modules/@freakycoder/react-native-bounceable": {
      "version": "1.0.3",
      "resolved": "https://registry.npmjs.org/@freakycoder/react-native-bounceable/-/react-native-bounceable-1.0.3.tgz",
      "integrity": "sha512-+iMq2tnqxCwFjitbPUz9nZ+VfJ8OU9waIlDJAAsoq1229QEwCmERCNy5zVtDsz75q3i4FLXX/n7fimdMzmP21A==",
      "license": "MIT"
    },
    "node_modules/react-native-bouncy-checkbox": {
      "version": "4.1.2",
      "resolved": "https://registry.npmjs.org/react-native-bouncy-checkbox/-/react-native-bouncy-checkbox-4.1.2.tgz",
      "integrity": "sha512-hB7YwCGTNoMpTPOPiP+RWyQH35S6vxUbc7IGEW/Rqyp7GonEyhtqtthmxiphneRXnywMh8CZwND7OnvppJZscg==",
      "license": "MIT",
      "dependencies": {
        "@freakycoder/react-native-bounceable": "^1.0.3"
      }
    }
  }
}
